
Microsoft Visual Studio Solution File, Format Version 12.00
# Visual Studio 2012
Project("{FAE04EC0-301F-11D3-BF4B-00C04F79EFBC}") = "sohbet uygulama", "sohbet uygulama\sohbet uygulama.csproj", "{156E88FD-4AC0-467A-A43F-6FEDCF7177D1}"
EndProject
Global
	GlobalSection(SolutionConfigurationPlatforms) = preSolution
		Debug|Any CPU = Debug|Any CPU
		Release|Any CPU = Release|Any CPU
	EndGlobalSection
	GlobalSection(ProjectConfigurationPlatforms) = postSolution
		{156E88FD-4AC0-467A-A43F-6FEDCF7177D1}.Debug|Any CPU.ActiveCfg = Release|Any CPU
		{156E88FD-4AC0-467A-A43F-6FEDCF7177D1}.Debug|Any CPU.Build.0 = Release|Any CPU
		{156E88FD-4AC0-467A-A43F-6FEDCF7177D1}.Debug|Any CPU.Deploy.0 = Release|Any CPU
		{156E88FD-4AC0-467A-A43F-6FEDCF7177D1}.Release|Any CPU.ActiveCfg = Release|Any CPU
		{156E88FD-4AC0-467A-A43F-6FEDCF7177D1}.Release|Any CPU.Build.0 = Release|Any CPU
	EndGlobalSection
	GlobalSection(SolutionProperties) = preSolution
		HideSolutionNode = FALSE
	EndGlobalSection
EndGlobal
